
Microsoft Visual Studio Solution File, Format Version 12.00
# Visual Studio 15
VisualStudioVersion = 15.0.28307.852
MinimumVisualStudioVersion = 10.0.40219.1
Project("{FAE04EC0-301F-11D3-BF4B-00C04F79EFBC}") = "InFlightAppBACKEND", "InFlightAppBACKEND\InFlightAppBACKEND.csproj", "{BC6CC8A7-A61E-440C-9942-4C5284B66474}"
EndProject
Global
	GlobalSection(SolutionConfigurationPlatforms) = preSolution
		Debug|Any CPU = Debug|Any CPU
		Release|Any CPU = Release|Any CPU
	EndGlobalSection
	GlobalSection(ProjectConfigurationPlatforms) = postSolution
		{BC6CC8A7-A61E-440C-9942-4C5284B66474}.Debug|Any CPU.ActiveCfg = Debug|Any CPU
		{BC6CC8A7-A61E-440C-9942-4C5284B66474}.Debug|Any CPU.Build.0 = Debug|Any CPU
		{BC6CC8A7-A61E-440C-9942-4C5284B66474}.Release|Any CPU.ActiveCfg = Release|Any CPU
		{BC6CC8A7-A61E-440C-9942-4C5284B66474}.Release|Any CPU.Build.0 = Release|Any CPU
	EndGlobalSection
	GlobalSection(SolutionProperties) = preSolution
		HideSolutionNode = FALSE
	EndGlobalSection
	GlobalSection(ExtensibilityGlobals) = postSolution
		SolutionGuid = {D8181D8B-11BA-47ED-B516-A2F46E905846}
	EndGlobalSection
EndGlobal
